// !$*UTF8*$!
{
	archiveVersion = 1;
	classes = {
	};
	objectVersion = 46;
	objects = {

/* Begin PBXBuildFile section */
		4C2D3EAB19F2DFB30072EC49 /* AppDelegate.swift in Sources */ = {isa = PBXBuildFile; fileRef = 4C2D3EAA19F2DFB30072EC49 /* AppDelegate.swift */; };
		4C2D3EB019F2DFB30072EC49 /* Main.storyboard in Resources */ = {isa = PBXBuildFile; fileRef = 4C2D3EAE19F2DFB30072EC49 /* Main.storyboard */; };
		4C2D3EB219F2DFB30072EC49 /* Images.xcassets in Resources */ = {isa = PBXBuildFile; fileRef = 4C2D3EB119F2DFB30072EC49 /* Images.xcassets */; };
		4C2D3EB519F2DFB30072EC49 /* LaunchScreen.xib in Resources */ = {isa = PBXBuildFile; fileRef = 4C2D3EB319F2DFB30072EC49 /* LaunchScreen.xib */; };
		4C2D3EC119F2DFB30072EC49 /* Design_TimeTests.swift in Sources */ = {isa = PBXBuildFile; fileRef = 4C2D3EC019F2DFB30072EC49 /* Design_TimeTests.swift */; };
		4C2D3ED519F2E5ED0072EC49 /* FLKAutoLayoutPredicateList.m in Sources */ = {isa = PBXBuildFile; fileRef = 4C2D3ED019F2E5ED0072EC49 /* FLKAutoLayoutPredicateList.m */; };
		4C2D3ED619F2E5ED0072EC49 /* UIView+FLKAutoLayout.m in Sources */ = {isa = PBXBuildFile; fileRef = 4C2D3ED219F2E5ED0072EC49 /* UIView+FLKAutoLayout.m */; };
		4C2D3ED719F2E5ED0072EC49 /* UIView+FLKAutoLayoutPredicate.m in Sources */ = {isa = PBXBuildFile; fileRef = 4C2D3ED419F2E5ED0072EC49 /* UIView+FLKAutoLayoutPredicate.m */; };
		4C2D3EDE19F2EB620072EC49 /* ViewController.swift in Sources */ = {isa = PBXBuildFile; fileRef = 4C2D3EDD19F2EB620072EC49 /* ViewController.swift */; };
		4C2D3EE219F30D920072EC49 /* HeartRateMeter.swift in Sources */ = {isa = PBXBuildFile; fileRef = 4C2D3EE119F30D920072EC49 /* HeartRateMeter.swift */; };
/* End PBXBuildFile section */

/* Begin PBXContainerItemProxy section */
		4C2D3EBB19F2DFB30072EC49 /* PBXContainerItemProxy */ = {
			isa = PBXContainerItemProxy;
			containerPortal = 4C2D3E9D19F2DFB30072EC49 /* Project object */;
			proxyType = 1;
			remoteGlobalIDString = 4C2D3EA419F2DFB30072EC49;
			remoteInfo = "Design Time";
		};
/* End PBXContainerItemProxy section */

/* Begin PBXFileReference section */
		4C2D3EA519F2DFB30072EC49 /* Design Time.app */ = {isa = PBXFileReference; explicitFileType = wrapper.application; includeInIndex = 0; path = "Design Time.app"; sourceTree = BUILT_PRODUCTS_DIR; };
		4C2D3EA919F2DFB30072EC49 /* Info.plist */ = {isa = PBXFileReference; lastKnownFileType = text.plist.xml; path = Info.plist; sourceTree = "<group>"; };
		4C2D3EAA19F2DFB30072EC49 /* AppDelegate.swift */ = {isa = PBXFileReference; lastKnownFileType = sourcecode.swift; path = AppDelegate.swift; sourceTree = "<group>"; };
		4C2D3EAF19F2DFB30072EC49 /* Base */ = {isa = PBXFileReference; lastKnownFileType = file.storyboard; name = Base; path = Base.lproj/Main.storyboard; sourceTree = "<group>"; };
		4C2D3EB119F2DFB30072EC49 /* Images.xcassets */ = {isa = PBXFileReference; lastKnownFileType = folder.assetcatalog; path = Images.xcassets; sourceTree = "<group>"; };
		4C2D3EB419F2DFB30072EC49 /* Base */ = {isa = PBXFileReference; lastKnownFileType = file.xib; name = Base; path = Base.lproj/LaunchScreen.xib; sourceTree = "<group>"; };
		4C2D3EBA19F2DFB30072EC49 /* Design TimeTests.xctest */ = {isa = PBXFileReference; explicitFileType = wrapper.cfbundle; includeInIndex = 0; path = "Design TimeTests.xctest"; sourceTree = BUILT_PRODUCTS_DIR; };
		4C2D3EBF19F2DFB30072EC49 /* Info.plist */ = {isa = PBXFileReference; lastKnownFileType = text.plist.xml; path = Info.plist; sourceTree = "<group>"; };
		4C2D3EC019F2DFB30072EC49 /* Design_TimeTests.swift */ = {isa = PBXFileReference; lastKnownFileType = sourcecode.swift; path = Design_TimeTests.swift; sourceTree = "<group>"; };
		4C2D3ECF19F2E5ED0072EC49 /* FLKAutoLayoutPredicateList.h */ = {isa = PBXFileReference; fileEncoding = 4; lastKnownFileType = sourcecode.c.h; path = FLKAutoLayoutPredicateList.h; sourceTree = "<group>"; };
		4C2D3ED019F2E5ED0072EC49 /* FLKAutoLayoutPredicateList.m */ = {isa = PBXFileReference; fileEncoding = 4; lastKnownFileType = sourcecode.c.objc; path = FLKAutoLayoutPredicateList.m; sourceTree = "<group>"; };
		4C2D3ED119F2E5ED0072EC49 /* UIView+FLKAutoLayout.h */ = {isa = PBXFileReference; fileEncoding = 4; lastKnownFileType = sourcecode.c.h; path = "UIView+FLKAutoLayout.h"; sourceTree = "<group>"; };
		4C2D3ED219F2E5ED0072EC49 /* UIView+FLKAutoLayout.m */ = {isa = PBXFileReference; fileEncoding = 4; lastKnownFileType = sourcecode.c.objc; path = "UIView+FLKAutoLayout.m"; sourceTree = "<group>"; };
		4C2D3ED319F2E5ED0072EC49 /* UIView+FLKAutoLayoutPredicate.h */ = {isa = PBXFileReference; fileEncoding = 4; lastKnownFileType = sourcecode.c.h; path = "UIView+FLKAutoLayoutPredicate.h"; sourceTree = "<group>"; };
		4C2D3ED419F2E5ED0072EC49 /* UIView+FLKAutoLayoutPredicate.m */ = {isa = PBXFileReference; fileEncoding = 4; lastKnownFileType = sourcecode.c.objc; path = "UIView+FLKAutoLayoutPredicate.m"; sourceTree = "<group>"; };
		4C2D3EDC19F2E6440072EC49 /* Design_Time-Bridging-Header.h */ = {isa = PBXFileReference; fileEncoding = 4; lastKnownFileType = sourcecode.c.h; path = "Design_Time-Bridging-Header.h"; sourceTree = "<group>"; };
		4C2D3EDD19F2EB620072EC49 /* ViewController.swift */ = {isa = PBXFileReference; fileEncoding = 4; lastKnownFileType = sourcecode.swift; path = ViewController.swift; sourceTree = "<group>"; };
		4C2D3EE119F30D920072EC49 /* HeartRateMeter.swift */ = {isa = PBXFileReference; fileEncoding = 4; lastKnownFileType = sourcecode.swift; path = HeartRateMeter.swift; sourceTree = "<group>"; };
/* End PBXFileReference section */

/* Begin PBXFrameworksBuildPhase section */
		4C2D3EA219F2DFB30072EC49 /* Frameworks */ = {
			isa = PBXFrameworksBuildPhase;
			buildActionMask = 2147483647;
			files = (
			);
			runOnlyForDeploymentPostprocessing = 0;
		};
		4C2D3EB719F2DFB30072EC49 /* Frameworks */ = {
			isa = PBXFrameworksBuildPhase;
			buildActionMask = 2147483647;
			files = (
			);
			runOnlyForDeploymentPostprocessing = 0;
		};
/* End PBXFrameworksBuildPhase section */

/* Begin PBXGroup section */
		4C2D3E9C19F2DFB30072EC49 = {
			isa = PBXGroup;
			children = (
				4C2D3EA719F2DFB30072EC49 /* Design Time */,
				4C2D3EBD19F2DFB30072EC49 /* Design TimeTests */,
				4C2D3EA619F2DFB30072EC49 /* Products */,
			);
			sourceTree = "<group>";
		};
		4C2D3EA619F2DFB30072EC49 /* Products */ = {
			isa = PBXGroup;
			children = (
				4C2D3EA519F2DFB30072EC49 /* Design Time.app */,
				4C2D3EBA19F2DFB30072EC49 /* Design TimeTests.xctest */,
			);
			name = Products;
			sourceTree = "<group>";
		};
		4C2D3EA719F2DFB30072EC49 /* Design Time */ = {
			isa = PBXGroup;
			children = (
				4C2D3EAA19F2DFB30072EC49 /* AppDelegate.swift */,
				4C2D3EDD19F2EB620072EC49 /* ViewController.swift */,
				4C2D3EE119F30D920072EC49 /* HeartRateMeter.swift */,
				4C2D3EAE19F2DFB30072EC49 /* Main.storyboard */,
				4C2D3EB119F2DFB30072EC49 /* Images.xcassets */,
				4C2D3EB319F2DFB30072EC49 /* LaunchScreen.xib */,
				4C2D3EA819F2DFB30072EC49 /* Supporting Files */,
			);
			path = "Design Time";
			sourceTree = "<group>";
		};
		4C2D3EA819F2DFB30072EC49 /* Supporting Files */ = {
			isa = PBXGroup;
			children = (
				4C2D3EDC19F2E6440072EC49 /* Design_Time-Bridging-Header.h */,
				4C2D3ECE19F2E5ED0072EC49 /* FLKAutoLayout */,
				4C2D3EA919F2DFB30072EC49 /* Info.plist */,
			);
			name = "Supporting Files";
			sourceTree = "<group>";
		};
		4C2D3EBD19F2DFB30072EC49 /* Design TimeTests */ = {
			isa = PBXGroup;
			children = (
				4C2D3EC019F2DFB30072EC49 /* Design_TimeTests.swift */,
				4C2D3EBE19F2DFB30072EC49 /* Supporting Files */,
			);
			path = "Design TimeTests";
			sourceTree = "<group>";
		};
		4C2D3EBE19F2DFB30072EC49 /* Supporting Files */ = {
			isa = PBXGroup;
			children = (
				4C2D3EBF19F2DFB30072EC49 /* Info.plist */,
			);
			name = "Supporting Files";
			sourceTree = "<group>";
		};
		4C2D3ECE19F2E5ED0072EC49 /* FLKAutoLayout */ = {
			isa = PBXGroup;
			children = (
				4C2D3ECF19F2E5ED0072EC49 /* FLKAutoLayoutPredicateList.h */,
				4C2D3ED019F2E5ED0072EC49 /* FLKAutoLayoutPredicateList.m */,
				4C2D3ED119F2E5ED0072EC49 /* UIView+FLKAutoLayout.h */,
				4C2D3ED219F2E5ED0072EC49 /* UIView+FLKAutoLayout.m */,
				4C2D3ED319F2E5ED0072EC49 /* UIView+FLKAutoLayoutPredicate.h */,
				4C2D3ED419F2E5ED0072EC49 /* UIView+FLKAutoLayoutPredicate.m */,
			);
			path = FLKAutoLayout;
			sourceTree = "<group>";
		};
/* End PBXGroup section */

/* Begin PBXNativeTarget section */
		4C2D3EA419F2DFB30072EC49 /* Design Time */ = {
			isa = PBXNativeTarget;
			buildConfigurationList = 4C2D3EC419F2DFB30072EC49 /* Build configuration list for PBXNativeTarget "Design Time" */;
			buildPhases = (
				4C2D3EA119F2DFB30072EC49 /* Sources */,
				4C2D3EA219F2DFB30072EC49 /* Frameworks */,
				4C2D3EA319F2DFB30072EC49 /* Resources */,
			);
			buildRules = (
			);
			dependencies = (
			);
			name = "Design Time";
			productName = "Design Time";
			productReference = 4C2D3EA519F2DFB30072EC49 /* Design Time.app */;
			productType = "com.apple.product-type.application";
		};
		4C2D3EB919F2DFB30072EC49 /* Design TimeTests */ = {
			isa = PBXNativeTarget;
			buildConfigurationList = 4C2D3EC719F2DFB30072EC49 /* Build configuration list for PBXNativeTarget "Design TimeTests" */;
			buildPhases = (
				4C2D3EB619F2DFB30072EC49 /* Sources */,
				4C2D3EB719F2DFB30072EC49 /* Frameworks */,
				4C2D3EB819F2DFB30072EC49 /* Resources */,
			);
			buildRules = (
			);
			dependencies = (
				4C2D3EBC19F2DFB30072EC49 /* PBXTargetDependency */,
			);
			name = "Design TimeTests";
			productName = "Design TimeTests";
			productReference = 4C2D3EBA19F2DFB30072EC49 /* Design TimeTests.xctest */;
			productType = "com.apple.product-type.bundle.unit-test";
		};
/* End PBXNativeTarget section */

/* Begin PBXProject section */
		4C2D3E9D19F2DFB30072EC49 /* Project object */ = {
			isa = PBXProject;
			attributes = {
				LastUpgradeCheck = 0600;
				ORGANIZATIONNAME = "Michael Helmbrecht";
				TargetAttributes = {
					4C2D3EA419F2DFB30072EC49 = {
						CreatedOnToolsVersion = 6.0.1;
					};
					4C2D3EB919F2DFB30072EC49 = {
						CreatedOnToolsVersion = 6.0.1;
						TestTargetID = 4C2D3EA419F2DFB30072EC49;
					};
				};
			};
			buildConfigurationList = 4C2D3EA019F2DFB30072EC49 /* Build configuration list for PBXProject "Design Time" */;
			compatibilityVersion = "Xcode 3.2";
			developmentRegion = English;
			hasScannedForEncodings = 0;
			knownRegions = (
				en,
				Base,
			);
			mainGroup = 4C2D3E9C19F2DFB30072EC49;
			productRefGroup = 4C2D3EA619F2DFB30072EC49 /* Products */;
			projectDirPath = "";
			projectRoot = "";
			targets = (
				4C2D3EA419F2DFB30072EC49 /* Design Time */,
				4C2D3EB919F2DFB30072EC49 /* Design TimeTests */,
			);
		};
/* End PBXProject section */

/* Begin PBXResourcesBuildPhase section */
		4C2D3EA319F2DFB30072EC49 /* Resources */ = {
			isa = PBXResourcesBuildPhase;
			buildActionMask = 2147483647;
			files = (
				4C2D3EB019F2DFB30072EC49 /* Main.storyboard in Resources */,
				4C2D3EB519F2DFB30072EC49 /* LaunchScreen.xib in Resources */,
				4C2D3EB219F2DFB30072EC49 /* Images.xcassets in Resources */,
			);
			runOnlyForDeploymentPostprocessing = 0;
		};
		4C2D3EB819F2DFB30072EC49 /* Resources */ = {
			isa = PBXResourcesBuildPhase;
			buildActionMask = 2147483647;
			files = (
			);
			runOnlyForDeploymentPostprocessing = 0;
		};
/* End PBXResourcesBuildPhase section */

/* Begin PBXSourcesBuildPhase section */
		4C2D3EA119F2DFB30072EC49 /* Sources */ = {
			isa = PBXSourcesBuildPhase;
			buildActionMask = 2147483647;
			files = (
				4C2D3EE219F30D920072EC49 /* HeartRateMeter.swift in Sources */,
				4C2D3ED519F2E5ED0072EC49 /* FLKAutoLayoutPredicateList.m in Sources */,
				4C2D3ED719F2E5ED0072EC49 /* UIView+FLKAutoLayoutPredicate.m in Sources */,
				4C2D3EDE19F2EB620072EC49 /* ViewController.swift in Sources */,
				4C2D3ED619F2E5ED0072EC49 /* UIView+FLKAutoLayout.m in Sources */,
				4C2D3EAB19F2DFB30072EC49 /* AppDelegate.swift in Sources */,
			);
			runOnlyForDeploymentPostprocessing = 0;
		};
		4C2D3EB619F2DFB30072EC49 /* Sources */ = {
			isa = PBXSourcesBuildPhase;
			buildActionMask = 2147483647;
			files = (
				4C2D3EC119F2DFB30072EC49 /* Design_TimeTests.swift in Sources */,
			);
			runOnlyForDeploymentPostprocessing = 0;
		};
/* End PBXSourcesBuildPhase section */

/* Begin PBXTargetDependency section */
		4C2D3EBC19F2DFB30072EC49 /* PBXTargetDependency */ = {
			isa = PBXTargetDependency;
			target = 4C2D3EA419F2DFB30072EC49 /* Design Time */;
			targetProxy = 4C2D3EBB19F2DFB30072EC49 /* PBXContainerItemProxy */;
		};
/* End PBXTargetDependency section */

/* Begin PBXVariantGroup section */
		4C2D3EAE19F2DFB30072EC49 /* Main.storyboard */ = {
			isa = PBXVariantGroup;
			children = (
				4C2D3EAF19F2DFB30072EC49 /* Base */,
			);
			name = Main.storyboard;
			sourceTree = "<group>";
		};
		4C2D3EB319F2DFB30072EC49 /* LaunchScreen.xib */ = {
			isa = PBXVariantGroup;
			children = (
				4C2D3EB419F2DFB30072EC49 /* Base */,
			);
			name = LaunchScreen.xib;
			sourceTree = "<group>";
		};
/* End PBXVariantGroup section */

/* Begin XCBuildConfiguration section */
		4C2D3EC219F2DFB30072EC49 /* Debug */ = {
			isa = XCBuildConfiguration;
			buildSettings = {
				ALWAYS_SEARCH_USER_PATHS = NO;
				CLANG_CXX_LANGUAGE_STANDARD = "gnu++0x";
				CLANG_CXX_LIBRARY = "libc++";
				CLANG_ENABLE_MODULES = YES;
				CLANG_ENABLE_OBJC_ARC = YES;
				CLANG_WARN_BOOL_CONVERSION = YES;
				CLANG_WARN_CONSTANT_CONVERSION = YES;
				CLANG_WARN_DIRECT_OBJC_ISA_USAGE = YES_ERROR;
				CLANG_WARN_EMPTY_BODY = YES;
				CLANG_WARN_ENUM_CONVERSION = YES;
				CLANG_WARN_INT_CONVERSION = YES;
				CLANG_WARN_OBJC_ROOT_CLASS = YES_ERROR;
				CLANG_WARN_UNREACHABLE_CODE = YES;
				CLANG_WARN__DUPLICATE_METHOD_MATCH = YES;
				"CODE_SIGN_IDENTITY[sdk=iphoneos*]" = "iPhone Developer";
				COPY_PHASE_STRIP = NO;
				ENABLE_STRICT_OBJC_MSGSEND = YES;
				GCC_C_LANGUAGE_STANDARD = gnu99;
				GCC_DYNAMIC_NO_PIC = NO;
				GCC_OPTIMIZATION_LEVEL = 0;
				GCC_PREPROCESSOR_DEFINITIONS = (
					"DEBUG=1",
					"$(inherited)",
				);
				GCC_SYMBOLS_PRIVATE_EXTERN = NO;
				GCC_WARN_64_TO_32_BIT_CONVERSION = YES;
				GCC_WARN_ABOUT_RETURN_TYPE = YES_ERROR;
				GCC_WARN_UNDECLARED_SELECTOR = YES;
				GCC_WARN_UNINITIALIZED_AUTOS = YES_AGGRESSIVE;
				GCC_WARN_UNUSED_FUNCTION = YES;
				GCC_WARN_UNUSED_VARIABLE = YES;
				IPHONEOS_DEPLOYMENT_TARGET = 8.0;
				MTL_ENABLE_DEBUG_INFO = YES;
				ONLY_ACTIVE_ARCH = YES;
				SDKROOT = iphoneos;
				SWIFT_OPTIMIZATION_LEVEL = "-Onone";
				TARGETED_DEVICE_FAMILY = "1,2";
			};
			name = Debug;
		};
		4C2D3EC319F2DFB30072EC49 /* Release */ = {
			isa = XCBuildConfiguration;
			buildSettings = {
				ALWAYS_SEARCH_USER_PATHS = NO;
				CLANG_CXX_LANGUAGE_STANDARD = "gnu++0x";
				CLANG_CXX_LIBRARY = "libc++";
				CLANG_ENABLE_MODULES = YES;
				CLANG_ENABLE_OBJC_ARC = YES;
				CLANG_WARN_BOOL_CONVERSION = YES;
				CLANG_WARN_CONSTANT_CONVERSION = YES;
				CLANG_WARN_DIRECT_OBJC_ISA_USAGE = YES_ERROR;
				CLANG_WARN_EMPTY_BODY = YES;
				CLANG_WARN_ENUM_CONVERSION = YES;
				CLANG_WARN_INT_CONVERSION = YES;
				CLANG_WARN_OBJC_ROOT_CLASS = YES_ERROR;
				CLANG_WARN_UNREACHABLE_CODE = YES;
				CLANG_WARN__DUPLICATE_METHOD_MATCH = YES;
				"CODE_SIGN_IDENTITY[sdk=iphoneos*]" = "iPhone Developer";
				COPY_PHASE_STRIP = YES;
				ENABLE_NS_ASSERTIONS = NO;
				ENABLE_STRICT_OBJC_MSGSEND = YES;
				GCC_C_LANGUAGE_STANDARD = gnu99;
				GCC_WARN_64_TO_32_BIT_CONVERSION = YES;
				GCC_WARN_ABOUT_RETURN_TYPE = YES_ERROR;
				GCC_WARN_UNDECLARED_SELECTOR = YES;
				GCC_WARN_UNINITIALIZED_AUTOS = YES_AGGRESSIVE;
				GCC_WARN_UNUSED_FUNCTION = YES;
				GCC_WARN_UNUSED_VARIABLE = YES;
				IPHONEOS_DEPLOYMENT_TARGET = 8.0;
				MTL_ENABLE_DEBUG_INFO = NO;
				SDKROOT = iphoneos;
				TARGETED_DEVICE_FAMILY = "1,2";
				VALIDATE_PRODUCT = YES;
			};
			name = Release;
		};
		4C2D3EC519F2DFB30072EC49 /* Debug */ = {
			isa = XCBuildConfiguration;
			buildSettings = {
				ASSETCATALOG_COMPILER_APPICON_NAME = AppIcon;
				INFOPLIST_FILE = "Design Time/Info.plist";
				LD_RUNPATH_SEARCH_PATHS = "$(inherited) @executable_path/Frameworks";
				PRODUCT_NAME = "$(TARGET_NAME)";
				SWIFT_OBJC_BRIDGING_HEADER = "$(SRCROOT)/Design Time/Design_Time-Bridging-Header.h";
			};
			name = Debug;
		};
		4C2D3EC619F2DFB30072EC49 /* Release */ = {
			isa = XCBuildConfiguration;
			buildSettings = {
				ASSETCATALOG_COMPILER_APPICON_NAME = AppIcon;
				INFOPLIST_FILE = "Design Time/Info.plist";
				LD_RUNPATH_SEARCH_PATHS = "$(inherited) @executable_path/Frameworks";
				PRODUCT_NAME = "$(TARGET_NAME)";
				SWIFT_OBJC_BRIDGING_HEADER = "$(SRCROOT)/Design Time/Design_Time-Bridging-Header.h";
			};
			name = Release;
		};
		4C2D3EC819F2DFB30072EC49 /* Debug */ = {
			isa = XCBuildConfiguration;
			buildSettings = {
				BUNDLE_LOADER = "$(TEST_HOST)";
				FRAMEWORK_SEARCH_PATHS = (
					"$(SDKROOT)/Developer/Library/Frameworks",
					"$(inherited)",
				);
				GCC_PREPROCESSOR_DEFINITIONS = (
					"DEBUG=1",
					"$(inherited)",
				);
				INFOPLIST_FILE = "Design TimeTests/Info.plist";
				LD_RUNPATH_SEARCH_PATHS = "$(inherited) @executable_path/Frameworks @loader_path/Frameworks";
				PRODUCT_NAME = "$(TARGET_NAME)";
				TEST_HOST = "$(BUILT_PRODUCTS_DIR)/Design Time.app/Design Time";
			};
			name = Debug;
		};
		4C2D3EC919F2DFB30072EC49 /* Release */ = {
			isa = XCBuildConfiguration;
			buildSettings = {
				BUNDLE_LOADER = "$(TEST_HOST)";
				FRAMEWORK_SEARCH_PATHS = (
					"$(SDKROOT)/Developer/Library/Frameworks",
					"$(inherited)",
				);
				INFOPLIST_FILE = "Design TimeTests/Info.plist";
				LD_RUNPATH_SEARCH_PATHS = "$(inherited) @executable_path/Frameworks @loader_path/Frameworks";
				PRODUCT_NAME = "$(TARGET_NAME)";
				TEST_HOST = "$(BUILT_PRODUCTS_DIR)/Design Time.app/Design Time";
			};
			name = Release;
		};
/* End XCBuildConfiguration section */

/* Begin XCConfigurationList section */
		4C2D3EA019F2DFB30072EC49 /* Build configuration list for PBXProject "Design Time" */ = {
			isa = XCConfigurationList;
			buildConfigurations = (
				4C2D3EC219F2DFB30072EC49 /* Debug */,
				4C2D3EC319F2DFB30072EC49 /* Release */,
			);
			defaultConfigurationIsVisible = 0;
			defaultConfigurationName = Release;
		};
		4C2D3EC419F2DFB30072EC49 /* Build configuration list for PBXNativeTarget "Design Time" */ = {
			isa = XCConfigurationList;
			buildConfigurations = (
				4C2D3EC519F2DFB30072EC49 /* Debug */,
				4C2D3EC619F2DFB30072EC49 /* Release */,
			);
			defaultConfigurationIsVisible = 0;
			defaultConfigurationName = Release;
		};
		4C2D3EC719F2DFB30072EC49 /* Build configuration list for PBXNativeTarget "Design TimeTests" */ = {
			isa = XCConfigurationList;
			buildConfigurations = (
				4C2D3EC819F2DFB30072EC49 /* Debug */,
				4C2D3EC919F2DFB30072EC49 /* Release */,
			);
			defaultConfigurationIsVisible = 0;
			defaultConfigurationName = Release;
		};
/* End XCConfigurationList section */
	};
	rootObject = 4C2D3E9D19F2DFB30072EC49 /* Project object */;
}
